<?xml version="1.0" encoding="UTF-8"?>
<!DOCTYPE plist PUBLIC "-//Apple//DTD PLIST 1.0//EN" "http://www.apple.com/DTDs/PropertyList-1.0.dtd">
<plist version="1.0">
<dict>
	<key>archiveVersion</key>
	<string>1</string>
	<key>classes</key>
	<dict/>
	<key>objectVersion</key>
	<string>46</string>
	<key>objects</key>
	<dict>
		<key>016CBE8D86C81824D72A70DB</key>
		<dict>
			<key>fileRef</key>
			<string>B176D9166CA638BB4036B676</string>
			<key>isa</key>
			<string>PBXBuildFile</string>
		</dict>
		<key>08DB6E2E7464D35E9BBCD49E</key>
		<dict>
			<key>children</key>
			<array>
				<string>5CBEFE7613A815436E64ECFA</string>
				<string>B176D9166CA638BB4036B676</string>
				<string>312D82E6C8E4B7CF5A338E34</string>
			</array>
			<key>isa</key>
			<string>PBXGroup</string>
			<key>name</key>
			<string>Frameworks</string>
			<key>sourceTree</key>
			<string>&lt;group&gt;</string>
		</dict>
		<key>2D153B201D73D9D800B4273D</key>
		<dict>
			<key>children</key>
			<array>
				<string>2D153B291D73DA7F00B4273D</string>
				<string>2D153B2A1D73DA7F00B4273D</string>
				<string>2D153B2B1D73DA7F00B4273D</string>
				<string>2D153B2C1D73DA7F00B4273D</string>
			</array>
			<key>isa</key>
			<string>PBXGroup</string>
			<key>name</key>
			<string>base32</string>
			<key>sourceTree</key>
			<string>&lt;group&gt;</string>
		</dict>
		<key>2D153B291D73DA7F00B4273D</key>
		<dict>
			<key>fileEncoding</key>
			<string>4</string>
			<key>isa</key>
			<string>PBXFileReference</string>
			<key>lastKnownFileType</key>
			<string>sourcecode.c.c</string>
			<key>name</key>
			<string>decoder.c</string>
			<key>path</key>
			<string>../source/base32/decoder.c</string>
			<key>sourceTree</key>
			<string>SOURCE_ROOT</string>
		</dict>
		<key>2D153B2A1D73DA7F00B4273D</key>
		<dict>
			<key>fileEncoding</key>
			<string>4</string>
			<key>isa</key>
			<string>PBXFileReference</string>
			<key>lastKnownFileType</key>
			<string>sourcecode.c.h</string>
			<key>name</key>
			<string>decoder.h</string>
			<key>path</key>
			<string>../source/base32/decoder.h</string>
			<key>sourceTree</key>
			<string>SOURCE_ROOT</string>
		</dict>
		<key>2D153B2B1D73DA7F00B4273D</key>
		<dict>
			<key>fileEncoding</key>
			<string>4</string>
			<key>isa</key>
			<string>PBXFileReference</string>
			<key>lastKnownFileType</key>
			<string>sourcecode.c.c</string>
			<key>name</key>
			<string>encoder.c</string>
			<key>path</key>
			<string>../source/base32/encoder.c</string>
			<key>sourceTree</key>
			<string>SOURCE_ROOT</string>
		</dict>
		<key>2D153B2C1D73DA7F00B4273D</key>
		<dict>
			<key>fileEncoding</key>
			<string>4</string>
			<key>isa</key>
			<string>PBXFileReference</string>
			<key>lastKnownFileType</key>
			<string>sourcecode.c.h</string>
			<key>name</key>
			<string>encoder.h</string>
			<key>path</key>
			<string>../source/base32/encoder.h</string>
			<key>sourceTree</key>
			<string>SOURCE_ROOT</string>
		</dict>
		<key>2D153B2D1D73DA7F00B4273D</key>
		<dict>
			<key>fileRef</key>
			<string>2D153B291D73DA7F00B4273D</string>
			<key>isa</key>
			<string>PBXBuildFile</string>
		</dict>
		<key>2D153B2F1D73DA7F00B4273D</key>
		<dict>
			<key>fileRef</key>
			<string>2D153B2B1D73DA7F00B4273D</string>
			<key>isa</key>
			<string>PBXBuildFile</string>
		</dict>
		<key>2D157AE41D98B6E400DA7608</key>
		<dict>
			<key>fileRef</key>
			<string>2D8C37131D6F98D80070093E</string>
			<key>isa</key>
			<string>PBXBuildFile</string>
		</dict>
		<key>2D157AE51D98B7A400DA7608</key>
		<dict>
			<key>fileRef</key>
			<string>2DC375A11D6FDFE3005A486F</string>
			<key>isa</key>
			<string>PBXBuildFile</string>
		</dict>
		<key>2D15DA661CEB6273001F85AE</key>
		<dict>
			<key>children</key>
			<array>
				<string>2DE99DDA1EF2150000B31202</string>
				<string>2DD05FC71CEB62E300214ECE</string>
				<string>2DEFBE681D6FB76800F211B1</string>
				<string>2D9128F01CFFD504009A335D</string>
				<string>2DE994DD1CF501AC0078994D</string>
				<string>2DD05FC91CEB636000214ECE</string>
				<string>2D15DA701CEB6274001F85AE</string>
				<string>E86EF07F2BC7C86A7158614C</string>
				<string>08DB6E2E7464D35E9BBCD49E</string>
			</array>
			<key>isa</key>
			<string>PBXGroup</string>
			<key>sourceTree</key>
			<string>&lt;group&gt;</string>
		</dict>
		<key>2D15DA671CEB6273001F85AE</key>
		<dict>
			<key>attributes</key>
			<dict>
				<key>LastUpgradeCheck</key>
				<string>0800</string>
				<key>ORGANIZATIONNAME</key>
				<string>Jaime O. Rios</string>
				<key>TargetAttributes</key>
				<dict>
					<key>2D15DA6E1CEB6274001F85AE</key>
					<dict>
						<key>CreatedOnToolsVersion</key>
						<string>7.3</string>
					</dict>
					<key>2DE01CCC1DAF1CF300F8F4E1</key>
					<dict>
						<key>CreatedOnToolsVersion</key>
						<string>8.0</string>
						<key>DevelopmentTeam</key>
						<string>6Y9B2NECZ9</string>
						<key>ProvisioningStyle</key>
						<string>Automatic</string>
					</dict>
				</dict>
			</dict>
			<key>buildConfigurationList</key>
			<string>2D15DA6A1CEB6274001F85AE</string>
			<key>compatibilityVersion</key>
			<string>Xcode 3.2</string>
			<key>developmentRegion</key>
			<string>English</string>
			<key>hasScannedForEncodings</key>
			<string>0</string>
			<key>isa</key>
			<string>PBXProject</string>
			<key>knownRegions</key>
			<array>
				<string>en</string>
			</array>
			<key>mainGroup</key>
			<string>2D15DA661CEB6273001F85AE</string>
			<key>productRefGroup</key>
			<string>2D15DA701CEB6274001F85AE</string>
			<key>projectDirPath</key>
			<string></string>
			<key>projectReferences</key>
			<array/>
			<key>projectRoot</key>
			<string></string>
			<key>targets</key>
			<array>
				<string>2D15DA6E1CEB6274001F85AE</string>
				<string>2DBB60371CEB882700105970</string>
				<string>2DE01CCC1DAF1CF300F8F4E1</string>
			</array>
		</dict>
		<key>2D15DA6A1CEB6274001F85AE</key>
		<dict>
			<key>buildConfigurations</key>
			<array>
				<string>2D15DA741CEB6274001F85AE</string>
				<string>2D15DA751CEB6274001F85AE</string>
			</array>
			<key>defaultConfigurationIsVisible</key>
			<string>0</string>
			<key>defaultConfigurationName</key>
			<string>Release</string>
			<key>isa</key>
			<string>XCConfigurationList</string>
		</dict>
		<key>2D15DA6B1CEB6274001F85AE</key>
		<dict>
			<key>buildActionMask</key>
			<string>2147483647</string>
			<key>files</key>
			<array>
				<string>2DA699051D777518005B14F0</string>
				<string>2D153B2D1D73DA7F00B4273D</string>
				<string>2DE994DB1CF501A60078994D</string>
				<string>2DA6990B1D77C10A005B14F0</string>
				<string>2D153B2F1D73DA7F00B4273D</string>
				<string>2D8C37151D6F98D80070093E</string>
				<string>2D8C37191D6F9A510070093E</string>
			</array>
			<key>isa</key>
			<string>PBXSourcesBuildPhase</string>
			<key>runOnlyForDeploymentPostprocessing</key>
			<string>0</string>
		</dict>
		<key>2D15DA6C1CEB6274001F85AE</key>
		<dict>
			<key>buildActionMask</key>
			<string>2147483647</string>
			<key>files</key>
			<array>
				<string>E2283F2AA551C158B6C0F5F9</string>
			</array>
			<key>isa</key>
			<string>PBXFrameworksBuildPhase</string>
			<key>runOnlyForDeploymentPostprocessing</key>
			<string>0</string>
		</dict>
		<key>2D15DA6D1CEB6274001F85AE</key>
		<dict>
			<key>buildActionMask</key>
			<string>2147483647</string>
			<key>dstPath</key>
			<string>/usr/share/man/man1/</string>
			<key>dstSubfolderSpec</key>
			<string>0</string>
			<key>files</key>
			<array/>
			<key>isa</key>
			<string>PBXCopyFilesBuildPhase</string>
			<key>runOnlyForDeploymentPostprocessing</key>
			<string>1</string>
		</dict>
		<key>2D15DA6E1CEB6274001F85AE</key>
		<dict>
			<key>buildConfigurationList</key>
			<string>2D15DA761CEB6274001F85AE</string>
			<key>buildPhases</key>
			<array>
				<string>5415CF9662B599D5706414B7</string>
				<string>2D15DA6B1CEB6274001F85AE</string>
				<string>2D15DA6C1CEB6274001F85AE</string>
				<string>2D15DA6D1CEB6274001F85AE</string>
				<string>CD878788F4975A101F202AF7</string>
			</array>
			<key>buildRules</key>
			<array/>
			<key>dependencies</key>
			<array/>
			<key>isa</key>
			<string>PBXNativeTarget</string>
			<key>name</key>
			<string>cocoafob</string>
			<key>productName</key>
			<string>cocoafob</string>
			<key>productReference</key>
			<string>2D15DA6F1CEB6274001F85AE</string>
			<key>productType</key>
			<string>com.apple.product-type.tool</string>
		</dict>
		<key>2D15DA6F1CEB6274001F85AE</key>
		<dict>
			<key>explicitFileType</key>
			<string>compiled.mach-o.executable</string>
			<key>includeInIndex</key>
			<string>0</string>
			<key>isa</key>
			<string>PBXFileReference</string>
			<key>path</key>
			<string>cocoafob</string>
			<key>sourceTree</key>
			<string>BUILT_PRODUCTS_DIR</string>
		</dict>
		<key>2D15DA701CEB6274001F85AE</key>
		<dict>
			<key>children</key>
			<array>
				<string>2D15DA6F1CEB6274001F85AE</string>
				<string>2DBB60401CEB882700105970</string>
				<string>2DE01CCD1DAF1CF300F8F4E1</string>
			</array>
			<key>isa</key>
			<string>PBXGroup</string>
			<key>name</key>
			<string>Products</string>
			<key>sourceTree</key>
			<string>&lt;group&gt;</string>
		</dict>
		<key>2D15DA741CEB6274001F85AE</key>
		<dict>
			<key>baseConfigurationReference</key>
			<string>2D9128EF1CFFD500009A335D</string>
			<key>buildSettings</key>
			<dict>
				<key>ALWAYS_SEARCH_USER_PATHS</key>
				<string>NO</string>
				<key>CLANG_ANALYZER_NONNULL</key>
				<string>YES</string>
				<key>CLANG_ENABLE_MODULES</key>
				<string>YES</string>
				<key>CLANG_ENABLE_OBJC_ARC</key>
				<string>YES</string>
				<key>CLANG_WARN_BOOL_CONVERSION</key>
				<string>YES</string>
				<key>CLANG_WARN_CONSTANT_CONVERSION</key>
				<string>YES</string>
				<key>CLANG_WARN_DIRECT_OBJC_ISA_USAGE</key>
				<string>YES_ERROR</string>
				<key>CLANG_WARN_EMPTY_BODY</key>
				<string>YES</string>
				<key>CLANG_WARN_ENUM_CONVERSION</key>
				<string>YES</string>
				<key>CLANG_WARN_INFINITE_RECURSION</key>
				<string>YES</string>
				<key>CLANG_WARN_INT_CONVERSION</key>
				<string>YES</string>
				<key>CLANG_WARN_OBJC_ROOT_CLASS</key>
				<string>YES_ERROR</string>
				<key>CLANG_WARN_SUSPICIOUS_MOVE</key>
				<string>YES</string>
				<key>CLANG_WARN_UNREACHABLE_CODE</key>
				<string>YES</string>
				<key>CLANG_WARN__DUPLICATE_METHOD_MATCH</key>
				<string>YES</string>
				<key>CODE_SIGN_IDENTITY</key>
				<string>-</string>
				<key>COPY_PHASE_STRIP</key>
				<string>NO</string>
				<key>DEBUG_INFORMATION_FORMAT</key>
				<string>dwarf</string>
				<key>ENABLE_STRICT_OBJC_MSGSEND</key>
				<string>YES</string>
				<key>ENABLE_TESTABILITY</key>
				<string>YES</string>
				<key>GCC_DYNAMIC_NO_PIC</key>
				<string>NO</string>
				<key>GCC_NO_COMMON_BLOCKS</key>
				<string>YES</string>
				<key>GCC_OPTIMIZATION_LEVEL</key>
				<string>0</string>
				<key>GCC_PREPROCESSOR_DEFINITIONS</key>
				<array>
					<string>DEBUG=1</string>
					<string>$(inherited)</string>
				</array>
				<key>GCC_WARN_64_TO_32_BIT_CONVERSION</key>
				<string>YES</string>
				<key>GCC_WARN_ABOUT_RETURN_TYPE</key>
				<string>YES_ERROR</string>
				<key>GCC_WARN_UNDECLARED_SELECTOR</key>
				<string>YES</string>
				<key>GCC_WARN_UNINITIALIZED_AUTOS</key>
				<string>YES_AGGRESSIVE</string>
				<key>GCC_WARN_UNUSED_FUNCTION</key>
				<string>YES</string>
				<key>GCC_WARN_UNUSED_VARIABLE</key>
				<string>YES</string>
				<key>MACOSX_DEPLOYMENT_TARGET</key>
				<string>10.11</string>
				<key>MTL_ENABLE_DEBUG_INFO</key>
				<string>YES</string>
				<key>ONLY_ACTIVE_ARCH</key>
				<string>YES</string>
				<key>SDKROOT</key>
				<string>macosx</string>
			</dict>
			<key>isa</key>
			<string>XCBuildConfiguration</string>
			<key>name</key>
			<string>Debug</string>
		</dict>
		<key>2D15DA751CEB6274001F85AE</key>
		<dict>
			<key>baseConfigurationReference</key>
			<string>2D9128EF1CFFD500009A335D</string>
			<key>buildSettings</key>
			<dict>
				<key>ALWAYS_SEARCH_USER_PATHS</key>
				<string>NO</string>
				<key>CLANG_ANALYZER_NONNULL</key>
				<string>YES</string>
				<key>CLANG_ENABLE_MODULES</key>
				<string>YES</string>
				<key>CLANG_ENABLE_OBJC_ARC</key>
				<string>YES</string>
				<key>CLANG_WARN_BOOL_CONVERSION</key>
				<string>YES</string>
				<key>CLANG_WARN_CONSTANT_CONVERSION</key>
				<string>YES</string>
				<key>CLANG_WARN_DIRECT_OBJC_ISA_USAGE</key>
				<string>YES_ERROR</string>
				<key>CLANG_WARN_EMPTY_BODY</key>
				<string>YES</string>
				<key>CLANG_WARN_ENUM_CONVERSION</key>
				<string>YES</string>
				<key>CLANG_WARN_INFINITE_RECURSION</key>
				<string>YES</string>
				<key>CLANG_WARN_INT_CONVERSION</key>
				<string>YES</string>
				<key>CLANG_WARN_OBJC_ROOT_CLASS</key>
				<string>YES_ERROR</string>
				<key>CLANG_WARN_SUSPICIOUS_MOVE</key>
				<string>YES</string>
				<key>CLANG_WARN_UNREACHABLE_CODE</key>
				<string>YES</string>
				<key>CLANG_WARN__DUPLICATE_METHOD_MATCH</key>
				<string>YES</string>
				<key>CODE_SIGN_IDENTITY</key>
				<string>-</string>
				<key>COPY_PHASE_STRIP</key>
				<string>NO</string>
				<key>DEBUG_INFORMATION_FORMAT</key>
				<string>dwarf-with-dsym</string>
				<key>ENABLE_NS_ASSERTIONS</key>
				<string>NO</string>
				<key>ENABLE_STRICT_OBJC_MSGSEND</key>
				<string>YES</string>
				<key>GCC_NO_COMMON_BLOCKS</key>
				<string>YES</string>
				<key>GCC_WARN_64_TO_32_BIT_CONVERSION</key>
				<string>YES</string>
				<key>GCC_WARN_ABOUT_RETURN_TYPE</key>
				<string>YES_ERROR</string>
				<key>GCC_WARN_UNDECLARED_SELECTOR</key>
				<string>YES</string>
				<key>GCC_WARN_UNINITIALIZED_AUTOS</key>
				<string>YES_AGGRESSIVE</string>
				<key>GCC_WARN_UNUSED_FUNCTION</key>
				<string>YES</string>
				<key>GCC_WARN_UNUSED_VARIABLE</key>
				<string>YES</string>
				<key>MACOSX_DEPLOYMENT_TARGET</key>
				<string>10.11</string>
				<key>MTL_ENABLE_DEBUG_INFO</key>
				<string>NO</string>
				<key>SDKROOT</key>
				<string>macosx</string>
			</dict>
			<key>isa</key>
			<string>XCBuildConfiguration</string>
			<key>name</key>
			<string>Release</string>
		</dict>
		<key>2D15DA761CEB6274001F85AE</key>
		<dict>
			<key>buildConfigurations</key>
			<array>
				<string>2D15DA771CEB6274001F85AE</string>
				<string>2D15DA781CEB6274001F85AE</string>
			</array>
			<key>defaultConfigurationIsVisible</key>
			<string>0</string>
			<key>defaultConfigurationName</key>
			<string>Release</string>
			<key>isa</key>
			<string>XCConfigurationList</string>
		</dict>
		<key>2D15DA771CEB6274001F85AE</key>
		<dict>
			<key>baseConfigurationReference</key>
			<string>8DF6CD1AC4886A99D58B3093</string>
			<key>buildSettings</key>
			<dict>
				<key>PRODUCT_NAME</key>
				<string>$(TARGET_NAME)</string>
			</dict>
			<key>isa</key>
			<string>XCBuildConfiguration</string>
			<key>name</key>
			<string>Debug</string>
		</dict>
		<key>2D15DA781CEB6274001F85AE</key>
		<dict>
			<key>baseConfigurationReference</key>
			<string>FCB042591CEF64D8E3ABCFE4</string>
			<key>buildSettings</key>
			<dict>
				<key>PRODUCT_NAME</key>
				<string>$(TARGET_NAME)</string>
			</dict>
			<key>isa</key>
			<string>XCBuildConfiguration</string>
			<key>name</key>
			<string>Release</string>
		</dict>
		<key>2D29A33E1D9B5170007F3038</key>
		<dict>
			<key>fileEncoding</key>
			<string>4</string>
			<key>isa</key>
			<string>PBXFileReference</string>
			<key>lastKnownFileType</key>
			<string>text.xcconfig</string>
			<key>path</key>
			<string>cocoafob_ctest.xcconfig</string>
			<key>sourceTree</key>
			<string>&lt;group&gt;</string>
		</dict>
		<key>2D48F7201D98B92700D40E16</key>
		<dict>
			<key>fileRef</key>
			<string>2D4AA8C11D708E560021AAB6</string>
			<key>isa</key>
			<string>PBXBuildFile</string>
		</dict>
		<key>2D48F7211D98B92700D40E16</key>
		<dict>
			<key>fileRef</key>
			<string>2DBB60451CEB88D400105970</string>
			<key>isa</key>
			<string>PBXBuildFile</string>
		</dict>
		<key>2D48F7221D98B92700D40E16</key>
		<dict>
			<key>fileRef</key>
			<string>2DE994DE1CF501CA0078994D</string>
			<key>isa</key>
			<string>PBXBuildFile</string>
		</dict>
		<key>2D48F7231D98B92700D40E16</key>
		<dict>
			<key>fileRef</key>
			<string>2DA699071D77AF19005B14F0</string>
			<key>isa</key>
			<string>PBXBuildFile</string>
		</dict>
		<key>2D48F7241D98B94000D40E16</key>
		<dict>
			<key>fileRef</key>
			<string>2DA699031D777518005B14F0</string>
			<key>isa</key>
			<string>PBXBuildFile</string>
		</dict>
		<key>2D48F7251D98B94000D40E16</key>
		<dict>
			<key>fileRef</key>
			<string>2D8C37171D6F9A510070093E</string>
			<key>isa</key>
			<string>PBXBuildFile</string>
		</dict>
		<key>2D48F7261D98B94000D40E16</key>
		<dict>
			<key>fileRef</key>
			<string>2DBB60411CEB88BC00105970</string>
			<key>isa</key>
			<string>PBXBuildFile</string>
		</dict>
		<key>2D48F7271D98B94000D40E16</key>
		<dict>
			<key>fileRef</key>
			<string>2DE994D91CF501A60078994D</string>
			<key>isa</key>
			<string>PBXBuildFile</string>
		</dict>
		<key>2D48F7281D98B95E00D40E16</key>
		<dict>
			<key>fileRef</key>
			<string>2D153B291D73DA7F00B4273D</string>
			<key>isa</key>
			<string>PBXBuildFile</string>
		</dict>
		<key>2D48F7291D98B95E00D40E16</key>
		<dict>
			<key>fileRef</key>
			<string>2D153B2B1D73DA7F00B4273D</string>
			<key>isa</key>
			<string>PBXBuildFile</string>
		</dict>
		<key>2D48F72A1D98B9A000D40E16</key>
		<dict>
			<key>fileEncoding</key>
			<string>4</string>
			<key>isa</key>
			<string>PBXFileReference</string>
			<key>lastKnownFileType</key>
			<string>sourcecode.cpp.cpp</string>
			<key>name</key>
			<string>CFobMain.cpp</string>
			<key>path</key>
			<string>../ctest/CFobMain.cpp</string>
			<key>sourceTree</key>
			<string>&lt;group&gt;</string>
		</dict>
		<key>2D48F72B1D98B9A000D40E16</key>
		<dict>
			<key>fileRef</key>
			<string>2D48F72A1D98B9A000D40E16</string>
			<key>isa</key>
			<string>PBXBuildFile</string>
		</dict>
		<key>2D4AA8C11D708E560021AAB6</key>
		<dict>
			<key>fileEncoding</key>
			<string>4</string>
			<key>isa</key>
			<string>PBXFileReference</string>
			<key>lastKnownFileType</key>
			<string>sourcecode.cpp.cpp</string>
			<key>name</key>
			<string>CFob_ctest_common.cpp</string>
			<key>path</key>
			<string>../ctest/CFob_ctest_common.cpp</string>
			<key>sourceTree</key>
			<string>SOURCE_ROOT</string>
		</dict>
		<key>2D4AA8C21D708E560021AAB6</key>
		<dict>
			<key>fileEncoding</key>
			<string>4</string>
			<key>isa</key>
			<string>PBXFileReference</string>
			<key>lastKnownFileType</key>
			<string>sourcecode.cpp.h</string>
			<key>name</key>
			<string>CFob_ctest_common.hpp</string>
			<key>path</key>
			<string>../ctest/CFob_ctest_common.hpp</string>
			<key>sourceTree</key>
			<string>SOURCE_ROOT</string>
		</dict>
		<key>2D4AA8C41D708FBB0021AAB6</key>
		<dict>
			<key>children</key>
			<array>
				<string>2D4AA8C11D708E560021AAB6</string>
				<string>2D4AA8C21D708E560021AAB6</string>
			</array>
			<key>isa</key>
			<string>PBXGroup</string>
			<key>name</key>
			<string>support</string>
			<key>sourceTree</key>
			<string>&lt;group&gt;</string>
		</dict>
		<key>2D8A225A1DAF203500CE8FB3</key>
		<dict>
			<key>fileEncoding</key>
			<string>4</string>
			<key>isa</key>
			<string>PBXFileReference</string>
			<key>lastKnownFileType</key>
			<string>text.xcconfig</string>
			<key>path</key>
			<string>cocoafob_static_debug.xcconfig</string>
			<key>sourceTree</key>
			<string>&lt;group&gt;</string>
		</dict>
		<key>2D8A225B1DAF203500CE8FB3</key>
		<dict>
			<key>fileEncoding</key>
			<string>4</string>
			<key>isa</key>
			<string>PBXFileReference</string>
			<key>lastKnownFileType</key>
			<string>text.xcconfig</string>
			<key>path</key>
			<string>cocoafob_static_release.xcconfig</string>
			<key>sourceTree</key>
			<string>&lt;group&gt;</string>
		</dict>
		<key>2D8A225C1DAF210300CE8FB3</key>
		<dict>
			<key>children</key>
			<array>
				<string>2D8A225D1DAF211100CE8FB3</string>
				<string>2D8A225E1DAF211100CE8FB3</string>
				<string>2D8A225F1DAF211100CE8FB3</string>
				<string>2D8A22601DAF211100CE8FB3</string>
				<string>2D8A22611DAF211100CE8FB3</string>
			</array>
			<key>isa</key>
			<string>PBXGroup</string>
			<key>name</key>
			<string>include</string>
			<key>sourceTree</key>
			<string>&lt;group&gt;</string>
		</dict>
		<key>2D8A225D1DAF211100CE8FB3</key>
		<dict>
			<key>fileEncoding</key>
			<string>4</string>
			<key>isa</key>
			<string>PBXFileReference</string>
			<key>lastKnownFileType</key>
			<string>sourcecode.cpp.h</string>
			<key>name</key>
			<string>CFobCrypto.hpp</string>
			<key>path</key>
			<string>../include/CFobCrypto.hpp</string>
			<key>sourceTree</key>
			<string>&lt;group&gt;</string>
		</dict>
		<key>2D8A225E1DAF211100CE8FB3</key>
		<dict>
			<key>fileEncoding</key>
			<string>4</string>
			<key>isa</key>
			<string>PBXFileReference</string>
			<key>lastKnownFileType</key>
			<string>sourcecode.cpp.h</string>
			<key>name</key>
			<string>CFobDataTypes.hpp</string>
			<key>path</key>
			<string>../include/CFobDataTypes.hpp</string>
			<key>sourceTree</key>
			<string>&lt;group&gt;</string>
		</dict>
		<key>2D8A225F1DAF211100CE8FB3</key>
		<dict>
			<key>fileEncoding</key>
			<string>4</string>
			<key>isa</key>
			<string>PBXFileReference</string>
			<key>lastKnownFileType</key>
			<string>sourcecode.cpp.h</string>
			<key>name</key>
			<string>CFobDSAKeyPEM.hpp</string>
			<key>path</key>
			<string>../include/CFobDSAKeyPEM.hpp</string>
			<key>sourceTree</key>
			<string>&lt;group&gt;</string>
		</dict>
		<key>2D8A22601DAF211100CE8FB3</key>
		<dict>
			<key>fileEncoding</key>
			<string>4</string>
			<key>isa</key>
			<string>PBXFileReference</string>
			<key>lastKnownFileType</key>
			<string>sourcecode.cpp.h</string>
			<key>name</key>
			<string>CFobLicGenerator.hpp</string>
			<key>path</key>
			<string>../include/CFobLicGenerator.hpp</string>
			<key>sourceTree</key>
			<string>&lt;group&gt;</string>
		</dict>
		<key>2D8A22611DAF211100CE8FB3</key>
		<dict>
			<key>fileEncoding</key>
			<string>4</string>
			<key>isa</key>
			<string>PBXFileReference</string>
			<key>lastKnownFileType</key>
			<string>sourcecode.cpp.h</string>
			<key>name</key>
			<string>CFobLicVerifier.hpp</string>
			<key>path</key>
			<string>../include/CFobLicVerifier.hpp</string>
			<key>sourceTree</key>
			<string>&lt;group&gt;</string>
		</dict>
		<key>2D8AF2DF1DB70D7600AFD89F</key>
		<dict>
			<key>fileRef</key>
			<string>2DBB60411CEB88BC00105970</string>
			<key>isa</key>
			<string>PBXBuildFile</string>
		</dict>
		<key>2D8AF2E01DB70D7900AFD89F</key>
		<dict>
			<key>fileRef</key>
			<string>2DE994D91CF501A60078994D</string>
			<key>isa</key>
			<string>PBXBuildFile</string>
		</dict>
		<key>2D8AF2E11DB70DF000AFD89F</key>
		<dict>
			<key>fileRef</key>
			<string>2D153B291D73DA7F00B4273D</string>
			<key>isa</key>
			<string>PBXBuildFile</string>
		</dict>
		<key>2D8AF2E21DB70DF000AFD89F</key>
		<dict>
			<key>fileRef</key>
			<string>2D153B2B1D73DA7F00B4273D</string>
			<key>isa</key>
			<string>PBXBuildFile</string>
		</dict>
		<key>2D8C37131D6F98D80070093E</key>
		<dict>
			<key>fileEncoding</key>
			<string>4</string>
			<key>isa</key>
			<string>PBXFileReference</string>
			<key>lastKnownFileType</key>
			<string>sourcecode.cpp.cpp</string>
			<key>name</key>
			<string>CFobCrypto.cpp</string>
			<key>path</key>
			<string>../source/CFobCrypto.cpp</string>
			<key>sourceTree</key>
			<string>SOURCE_ROOT</string>
		</dict>
		<key>2D8C37151D6F98D80070093E</key>
		<dict>
			<key>fileRef</key>
			<string>2D8C37131D6F98D80070093E</string>
			<key>isa</key>
			<string>PBXBuildFile</string>
		</dict>
		<key>2D8C37171D6F9A510070093E</key>
		<dict>
			<key>fileEncoding</key>
			<string>4</string>
			<key>isa</key>
			<string>PBXFileReference</string>
			<key>lastKnownFileType</key>
			<string>sourcecode.cpp.cpp</string>
			<key>name</key>
			<string>CFobInternal.cpp</string>
			<key>path</key>
			<string>../source/CFobInternal.cpp</string>
			<key>sourceTree</key>
			<string>SOURCE_ROOT</string>
		</dict>
		<key>2D8C37181D6F9A510070093E</key>
		<dict>
			<key>fileEncoding</key>
			<string>4</string>
			<key>isa</key>
			<string>PBXFileReference</string>
			<key>lastKnownFileType</key>
			<string>sourcecode.cpp.h</string>
			<key>name</key>
			<string>CFobInternal.hpp</string>
			<key>path</key>
			<string>../source/CFobInternal.hpp</string>
			<key>sourceTree</key>
			<string>SOURCE_ROOT</string>
		</dict>
		<key>2D8C37191D6F9A510070093E</key>
		<dict>
			<key>fileRef</key>
			<string>2D8C37171D6F9A510070093E</string>
			<key>isa</key>
			<string>PBXBuildFile</string>
		</dict>
		<key>2D8C371B1D6F9BBB0070093E</key>
		<dict>
			<key>children</key>
			<array>
				<string>2DA699031D777518005B14F0</string>
				<string>2D8C37131D6F98D80070093E</string>
				<string>2D8C37171D6F9A510070093E</string>
				<string>2D8C37181D6F9A510070093E</string>
			</array>
			<key>isa</key>
			<string>PBXGroup</string>
			<key>name</key>
			<string>support</string>
			<key>sourceTree</key>
			<string>&lt;group&gt;</string>
		</dict>
		<key>2D9128EF1CFFD500009A335D</key>
		<dict>
			<key>isa</key>
			<string>PBXFileReference</string>
			<key>lastKnownFileType</key>
			<string>text.xcconfig</string>
			<key>path</key>
			<string>cocoafob.xcconfig</string>
			<key>sourceTree</key>
			<string>&lt;group&gt;</string>
		</dict>
		<key>2D9128F01CFFD504009A335D</key>
		<dict>
			<key>children</key>
			<array>
				<string>2D8A225A1DAF203500CE8FB3</string>
				<string>2D8A225B1DAF203500CE8FB3</string>
				<string>2D29A33E1D9B5170007F3038</string>
				<string>2D9128EF1CFFD500009A335D</string>
			</array>
			<key>isa</key>
			<string>PBXGroup</string>
			<key>name</key>
			<string>xcconfig</string>
			<key>sourceTree</key>
			<string>&lt;group&gt;</string>
		</dict>
		<key>2DA699031D777518005B14F0</key>
		<dict>
			<key>fileEncoding</key>
			<string>4</string>
			<key>isa</key>
			<string>PBXFileReference</string>
			<key>lastKnownFileType</key>
			<string>sourcecode.cpp.cpp</string>
			<key>name</key>
			<string>CFobDSAKeyPEM.cpp</string>
			<key>path</key>
			<string>../source/CFobDSAKeyPEM.cpp</string>
			<key>sourceTree</key>
			<string>SOURCE_ROOT</string>
		</dict>
		<key>2DA699051D777518005B14F0</key>
		<dict>
			<key>fileRef</key>
			<string>2DA699031D777518005B14F0</string>
			<key>isa</key>
			<string>PBXBuildFile</string>
		</dict>
		<key>2DA699071D77AF19005B14F0</key>
		<dict>
			<key>fileEncoding</key>
			<string>4</string>
			<key>isa</key>
			<string>PBXFileReference</string>
			<key>lastKnownFileType</key>
			<string>sourcecode.cpp.cpp</string>
			<key>name</key>
			<string>CFobDSAKeyPEM_ctest.cpp</string>
			<key>path</key>
			<string>../ctest/CFobDSAKeyPEM_ctest.cpp</string>
			<key>sourceTree</key>
			<string>SOURCE_ROOT</string>
		</dict>
		<key>2DA6990B1D77C10A005B14F0</key>
		<dict>
			<key>fileRef</key>
			<string>2DBB60411CEB88BC00105970</string>
			<key>isa</key>
			<string>PBXBuildFile</string>
		</dict>
		<key>2DAEE02F1DC96ECD00CFE16F</key>
		<dict>
			<key>fileRef</key>
			<string>2DA699031D777518005B14F0</string>
			<key>isa</key>
			<string>PBXBuildFile</string>
		</dict>
		<key>2DAEE0301DC96ED200CFE16F</key>
		<dict>
			<key>fileRef</key>
			<string>2D8C37131D6F98D80070093E</string>
			<key>isa</key>
			<string>PBXBuildFile</string>
		</dict>
		<key>2DAEE0311DC96ED700CFE16F</key>
		<dict>
			<key>fileRef</key>
			<string>2D8C37171D6F9A510070093E</string>
			<key>isa</key>
			<string>PBXBuildFile</string>
		</dict>
		<key>2DBB60371CEB882700105970</key>
		<dict>
			<key>buildConfigurationList</key>
			<string>2DBB603D1CEB882700105970</string>
			<key>buildPhases</key>
			<array>
				<string>CC4103571190322D4C6568B5</string>
				<string>2DBB60381CEB882700105970</string>
				<string>2DBB603B1CEB882700105970</string>
				<string>2DC375A01D6FDDCF005A486F</string>
				<string>9DD6AA011D3912CBC0E5F3EF</string>
			</array>
			<key>buildRules</key>
			<array/>
			<key>dependencies</key>
			<array/>
			<key>isa</key>
			<string>PBXNativeTarget</string>
			<key>name</key>
			<string>cocoafob_ctest</string>
			<key>productName</key>
			<string>cocoafob</string>
			<key>productReference</key>
			<string>2DBB60401CEB882700105970</string>
			<key>productType</key>
			<string>com.apple.product-type.tool</string>
		</dict>
		<key>2DBB60381CEB882700105970</key>
		<dict>
			<key>buildActionMask</key>
			<string>2147483647</string>
			<key>files</key>
			<array>
				<string>2D48F7251D98B94000D40E16</string>
				<string>2D48F7261D98B94000D40E16</string>
				<string>2D48F7291D98B95E00D40E16</string>
				<string>2D48F7241D98B94000D40E16</string>
				<string>2D157AE41D98B6E400DA7608</string>
				<string>2D48F7281D98B95E00D40E16</string>
				<string>2D48F7201D98B92700D40E16</string>
				<string>2D48F7211D98B92700D40E16</string>
				<string>2D48F7271D98B94000D40E16</string>
				<string>2D48F7221D98B92700D40E16</string>
				<string>2D157AE51D98B7A400DA7608</string>
				<string>2D48F72B1D98B9A000D40E16</string>
				<string>2D48F7231D98B92700D40E16</string>
			</array>
			<key>isa</key>
			<string>PBXSourcesBuildPhase</string>
			<key>runOnlyForDeploymentPostprocessing</key>
			<string>0</string>
		</dict>
		<key>2DBB603B1CEB882700105970</key>
		<dict>
			<key>buildActionMask</key>
			<string>2147483647</string>
			<key>files</key>
			<array>
				<string>016CBE8D86C81824D72A70DB</string>
			</array>
			<key>isa</key>
			<string>PBXFrameworksBuildPhase</string>
			<key>runOnlyForDeploymentPostprocessing</key>
			<string>0</string>
		</dict>
		<key>2DBB603D1CEB882700105970</key>
		<dict>
			<key>buildConfigurations</key>
			<array>
				<string>2DBB603E1CEB882700105970</string>
				<string>2DBB603F1CEB882700105970</string>
			</array>
			<key>defaultConfigurationIsVisible</key>
			<string>0</string>
			<key>defaultConfigurationName</key>
			<string>Release</string>
			<key>isa</key>
			<string>XCConfigurationList</string>
		</dict>
		<key>2DBB603E1CEB882700105970</key>
		<dict>
			<key>baseConfigurationReference</key>
			<string>2D29A33E1D9B5170007F3038</string>
			<key>buildSettings</key>
			<dict>
				<key>GCC_GENERATE_TEST_COVERAGE_FILES</key>
				<string>YES</string>
				<key>GCC_INSTRUMENT_PROGRAM_FLOW_ARCS</key>
				<string>YES</string>
				<key>PRODUCT_NAME</key>
				<string>$(TARGET_NAME)</string>
			</dict>
			<key>isa</key>
			<string>XCBuildConfiguration</string>
			<key>name</key>
			<string>Debug</string>
		</dict>
		<key>2DBB603F1CEB882700105970</key>
		<dict>
			<key>baseConfigurationReference</key>
			<string>2D29A33E1D9B5170007F3038</string>
			<key>buildSettings</key>
			<dict>
				<key>GCC_GENERATE_TEST_COVERAGE_FILES</key>
				<string>YES</string>
				<key>GCC_INSTRUMENT_PROGRAM_FLOW_ARCS</key>
				<string>YES</string>
				<key>PRODUCT_NAME</key>
				<string>$(TARGET_NAME)</string>
			</dict>
			<key>isa</key>
			<string>XCBuildConfiguration</string>
			<key>name</key>
			<string>Release</string>
		</dict>
		<key>2DBB60401CEB882700105970</key>
		<dict>
			<key>explicitFileType</key>
			<string>compiled.mach-o.executable</string>
			<key>includeInIndex</key>
			<string>0</string>
			<key>isa</key>
			<string>PBXFileReference</string>
			<key>path</key>
			<string>cocoafob_ctest</string>
			<key>sourceTree</key>
			<string>BUILT_PRODUCTS_DIR</string>
		</dict>
		<key>2DBB60411CEB88BC00105970</key>
		<dict>
			<key>fileEncoding</key>
			<string>4</string>
			<key>isa</key>
			<string>PBXFileReference</string>
			<key>lastKnownFileType</key>
			<string>sourcecode.cpp.cpp</string>
			<key>name</key>
			<string>CFobLicGenerator.cpp</string>
			<key>path</key>
			<string>../source/CFobLicGenerator.cpp</string>
			<key>sourceTree</key>
			<string>SOURCE_ROOT</string>
		</dict>
		<key>2DBB60451CEB88D400105970</key>
		<dict>
			<key>fileEncoding</key>
			<string>4</string>
			<key>isa</key>
			<string>PBXFileReference</string>
			<key>lastKnownFileType</key>
			<string>sourcecode.cpp.cpp</string>
			<key>name</key>
			<string>CFobLicGenerator_ctest.cpp</string>
			<key>path</key>
			<string>../ctest/CFobLicGenerator_ctest.cpp</string>
			<key>sourceTree</key>
			<string>SOURCE_ROOT</string>
		</dict>
		<key>2DC375A01D6FDDCF005A486F</key>
		<dict>
			<key>buildActionMask</key>
			<string>2147483647</string>
			<key>files</key>
			<array/>
			<key>inputPaths</key>
			<array/>
			<key>isa</key>
			<string>PBXShellScriptBuildPhase</string>
			<key>name</key>
			<string>Run Script - XcodeCoverage</string>
			<key>outputPaths</key>
			<array/>
			<key>runOnlyForDeploymentPostprocessing</key>
			<string>0</string>
			<key>shellPath</key>
			<string>/bin/sh</string>
			<key>shellScript</key>
			<string>set -e
set -u

CURRENT_PATH=$PWD
if [[ -d components/XcodeCoverage ]]; then
    cd components/XcodeCoverage
    ./cleancov
    ./exportenv.sh
fi

cd $CURRENT_PATH</string>
			<key>showEnvVarsInLog</key>
			<string>0</string>
		</dict>
		<key>2DC375A11D6FDFE3005A486F</key>
		<dict>
			<key>fileEncoding</key>
			<string>4</string>
			<key>isa</key>
			<string>PBXFileReference</string>
			<key>lastKnownFileType</key>
			<string>sourcecode.cpp.cpp</string>
			<key>name</key>
			<string>CFobCrypto_ctest.cpp</string>
			<key>path</key>
			<string>../ctest/CFobCrypto_ctest.cpp</string>
			<key>sourceTree</key>
			<string>SOURCE_ROOT</string>
		</dict>
		<key>2DD05FC71CEB62E300214ECE</key>
		<dict>
			<key>fileEncoding</key>
			<string>4</string>
			<key>isa</key>
			<string>PBXFileReference</string>
			<key>lastKnownFileType</key>
			<string>net.daringfireball.markdown</string>
			<key>name</key>
			<string>README.markdown</string>
			<key>path</key>
			<string>../README.markdown</string>
			<key>sourceTree</key>
			<string>&lt;group&gt;</string>
		</dict>
		<key>2DD05FC91CEB636000214ECE</key>
		<dict>
			<key>children</key>
			<array>
				<string>2D4AA8C41D708FBB0021AAB6</string>
				<string>2DBB60451CEB88D400105970</string>
				<string>2DE994DE1CF501CA0078994D</string>
				<string>2DC375A11D6FDFE3005A486F</string>
				<string>2DA699071D77AF19005B14F0</string>
				<string>2D48F72A1D98B9A000D40E16</string>
			</array>
			<key>isa</key>
			<string>PBXGroup</string>
			<key>name</key>
			<string>unittest</string>
			<key>sourceTree</key>
			<string>&lt;group&gt;</string>
		</dict>
		<key>2DE01CC91DAF1CF300F8F4E1</key>
		<dict>
			<key>buildActionMask</key>
			<string>2147483647</string>
			<key>files</key>
			<array>
				<string>2DAEE0301DC96ED200CFE16F</string>
				<string>2D8AF2E01DB70D7900AFD89F</string>
				<string>2D8AF2E11DB70DF000AFD89F</string>
				<string>2DAEE0311DC96ED700CFE16F</string>
				<string>2DAEE02F1DC96ECD00CFE16F</string>
				<string>2D8AF2E21DB70DF000AFD89F</string>
				<string>2D8AF2DF1DB70D7600AFD89F</string>
			</array>
			<key>isa</key>
			<string>PBXSourcesBuildPhase</string>
			<key>runOnlyForDeploymentPostprocessing</key>
			<string>0</string>
		</dict>
		<key>2DE01CCA1DAF1CF300F8F4E1</key>
		<dict>
			<key>buildActionMask</key>
			<string>2147483647</string>
			<key>files</key>
			<array>
				<string>B318ECE3654E10928E304BE3</string>
			</array>
			<key>isa</key>
			<string>PBXFrameworksBuildPhase</string>
			<key>runOnlyForDeploymentPostprocessing</key>
			<string>0</string>
		</dict>
		<key>2DE01CCB1DAF1CF300F8F4E1</key>
		<dict>
			<key>buildActionMask</key>
			<string>2147483647</string>
			<key>files</key>
			<array/>
			<key>isa</key>
			<string>PBXHeadersBuildPhase</string>
			<key>runOnlyForDeploymentPostprocessing</key>
			<string>0</string>
		</dict>
		<key>2DE01CCC1DAF1CF300F8F4E1</key>
		<dict>
			<key>buildConfigurationList</key>
			<string>2DE01CD71DAF1CF300F8F4E1</string>
			<key>buildPhases</key>
			<array>
				<string>878195B96D0F75C5BB0DA69E</string>
				<string>2DE01CC91DAF1CF300F8F4E1</string>
				<string>2DE01CCA1DAF1CF300F8F4E1</string>
				<string>2DE01CCB1DAF1CF300F8F4E1</string>
				<string>437A5F3F03E3B0AF0FAF4A55</string>
			</array>
			<key>buildRules</key>
			<array/>
			<key>dependencies</key>
			<array/>
			<key>isa</key>
			<string>PBXNativeTarget</string>
			<key>name</key>
			<string>static lib</string>
			<key>productName</key>
			<string>static lib</string>
			<key>productReference</key>
			<string>2DE01CCD1DAF1CF300F8F4E1</string>
			<key>productType</key>
			<string>com.apple.product-type.library.static</string>
		</dict>
		<key>2DE01CCD1DAF1CF300F8F4E1</key>
		<dict>
			<key>explicitFileType</key>
			<string>archive.ar</string>
			<key>includeInIndex</key>
			<string>0</string>
			<key>isa</key>
			<string>PBXFileReference</string>
			<key>path</key>
			<string>libcocoafob_sd.a</string>
			<key>sourceTree</key>
			<string>BUILT_PRODUCTS_DIR</string>
		</dict>
		<key>2DE01CD51DAF1CF300F8F4E1</key>
		<dict>
			<key>baseConfigurationReference</key>
			<string>2D8A225A1DAF203500CE8FB3</string>
			<key>buildSettings</key>
			<dict>
				<key>ARCHS</key>
				<string>$(ARCHS_STANDARD_32_64_BIT)</string>
				<key>CLANG_WARN_SUSPICIOUS_MOVES</key>
				<string>YES</string>
				<key>DEVELOPMENT_TEAM</key>
				<string>6Y9B2NECZ9</string>
				<key>EXECUTABLE_PREFIX</key>
				<string>lib</string>
				<key>GCC_ENABLE_CPP_EXCEPTIONS</key>
				<string>YES</string>
				<key>GCC_ENABLE_CPP_RTTI</key>
				<string>YES</string>
			</dict>
			<key>isa</key>
			<string>XCBuildConfiguration</string>
			<key>name</key>
			<string>Debug</string>
		</dict>
		<key>2DE01CD61DAF1CF300F8F4E1</key>
		<dict>
			<key>baseConfigurationReference</key>
			<string>2D8A225B1DAF203500CE8FB3</string>
			<key>buildSettings</key>
			<dict>
				<key>ARCHS</key>
				<string>$(ARCHS_STANDARD_32_64_BIT)</string>
				<key>CLANG_WARN_SUSPICIOUS_MOVES</key>
				<string>YES</string>
				<key>DEVELOPMENT_TEAM</key>
				<string>6Y9B2NECZ9</string>
				<key>EXECUTABLE_PREFIX</key>
				<string>lib</string>
				<key>GCC_ENABLE_CPP_EXCEPTIONS</key>
				<string>YES</string>
				<key>GCC_ENABLE_CPP_RTTI</key>
				<string>YES</string>
			</dict>
			<key>isa</key>
			<string>XCBuildConfiguration</string>
			<key>name</key>
			<string>Release</string>
		</dict>
		<key>2DE01CD71DAF1CF300F8F4E1</key>
		<dict>
			<key>buildConfigurations</key>
			<array>
				<string>2DE01CD51DAF1CF300F8F4E1</string>
				<string>2DE01CD61DAF1CF300F8F4E1</string>
			</array>
			<key>defaultConfigurationIsVisible</key>
			<string>0</string>
			<key>defaultConfigurationName</key>
			<string>Release</string>
			<key>isa</key>
			<string>XCConfigurationList</string>
		</dict>
		<key>2DE994D91CF501A60078994D</key>
		<dict>
			<key>fileEncoding</key>
			<string>4</string>
			<key>isa</key>
			<string>PBXFileReference</string>
			<key>lastKnownFileType</key>
			<string>sourcecode.cpp.cpp</string>
			<key>name</key>
			<string>CFobLicVerifier.cpp</string>
			<key>path</key>
			<string>../source/CFobLicVerifier.cpp</string>
			<key>sourceTree</key>
			<string>SOURCE_ROOT</string>
		</dict>
		<key>2DE994DB1CF501A60078994D</key>
		<dict>
			<key>fileRef</key>
			<string>2DE994D91CF501A60078994D</string>
			<key>isa</key>
			<string>PBXBuildFile</string>
		</dict>
		<key>2DE994DD1CF501AC0078994D</key>
		<dict>
			<key>children</key>
			<array>
				<string>2D8A225C1DAF210300CE8FB3</string>
				<string>2D153B201D73D9D800B4273D</string>
				<string>2D8C371B1D6F9BBB0070093E</string>
				<string>2DBB60411CEB88BC00105970</string>
				<string>2DE994D91CF501A60078994D</string>
			</array>
			<key>isa</key>
			<string>PBXGroup</string>
			<key>name</key>
			<string>source</string>
			<key>sourceTree</key>
			<string>&lt;group&gt;</string>
		</dict>
		<key>2DE994DE1CF501CA0078994D</key>
		<dict>
			<key>fileEncoding</key>
			<string>4</string>
			<key>isa</key>
			<string>PBXFileReference</string>
			<key>lastKnownFileType</key>
			<string>sourcecode.cpp.cpp</string>
			<key>name</key>
			<string>CFobLicVerifier_ctest.cpp</string>
			<key>path</key>
			<string>../ctest/CFobLicVerifier_ctest.cpp</string>
			<key>sourceTree</key>
			<string>SOURCE_ROOT</string>
		</dict>
		<key>2DE99DDA1EF2150000B31202</key>
		<dict>
			<key>fileEncoding</key>
			<string>4</string>
			<key>isa</key>
			<string>PBXFileReference</string>
			<key>lastKnownFileType</key>
			<string>text</string>
			<key>path</key>
			<string>Podfile</string>
			<key>sourceTree</key>
			<string>&lt;group&gt;</string>
		</dict>
		<key>2DEFBE681D6FB76800F211B1</key>
		<dict>
			<key>children</key>
			<array>
				<string>2DEFBE691D6FB77200F211B1</string>
			</array>
			<key>isa</key>
			<string>PBXGroup</string>
			<key>name</key>
			<string>script</string>
			<key>sourceTree</key>
			<string>&lt;group&gt;</string>
		</dict>
		<key>2DEFBE691D6FB77200F211B1</key>
		<dict>
			<key>fileEncoding</key>
			<string>4</string>
			<key>isa</key>
			<string>PBXFileReference</string>
			<key>lastKnownFileType</key>
			<string>text.script.sh</string>
			<key>name</key>
			<string>download_required_libs.sh</string>
			<key>path</key>
			<string>../download_required_libs.sh</string>
			<key>sourceTree</key>
			<string>&lt;group&gt;</string>
		</dict>
		<key>312D82E6C8E4B7CF5A338E34</key>
		<dict>
			<key>explicitFileType</key>
			<string>archive.ar</string>
			<key>includeInIndex</key>
			<string>0</string>
			<key>isa</key>
			<string>PBXFileReference</string>
			<key>path</key>
			<string>libPods-static lib.a</string>
			<key>sourceTree</key>
			<string>BUILT_PRODUCTS_DIR</string>
		</dict>
		<key>437A5F3F03E3B0AF0FAF4A55</key>
		<dict>
			<key>buildActionMask</key>
			<string>2147483647</string>
			<key>files</key>
			<array/>
			<key>inputPaths</key>
			<array/>
			<key>isa</key>
			<string>PBXShellScriptBuildPhase</string>
			<key>name</key>
			<string>[CP] Copy Pods Resources</string>
			<key>outputPaths</key>
			<array/>
			<key>runOnlyForDeploymentPostprocessing</key>
			<string>0</string>
			<key>shellPath</key>
			<string>/bin/sh</string>
			<key>shellScript</key>
			<string>"${SRCROOT}/Pods/Target Support Files/Pods-static lib/Pods-static lib-resources.sh"
</string>
			<key>showEnvVarsInLog</key>
			<string>0</string>
		</dict>
		<key>5415CF9662B599D5706414B7</key>
		<dict>
			<key>buildActionMask</key>
			<string>2147483647</string>
			<key>files</key>
			<array/>
			<key>inputPaths</key>
			<array/>
			<key>isa</key>
			<string>PBXShellScriptBuildPhase</string>
			<key>name</key>
			<string>[CP] Check Pods Manifest.lock</string>
			<key>outputPaths</key>
			<array/>
			<key>runOnlyForDeploymentPostprocessing</key>
			<string>0</string>
			<key>shellPath</key>
			<string>/bin/sh</string>
			<key>shellScript</key>
			<string>diff "${PODS_ROOT}/../Podfile.lock" "${PODS_ROOT}/Manifest.lock" &gt; /dev/null
if [[ $? != 0 ]] ; then
    cat &lt;&lt; EOM
error: The sandbox is not in sync with the Podfile.lock. Run 'pod install' or update your CocoaPods installation.
EOM
    exit 1
fi
</string>
			<key>showEnvVarsInLog</key>
			<string>0</string>
		</dict>
		<key>5CBEFE7613A815436E64ECFA</key>
		<dict>
			<key>explicitFileType</key>
			<string>archive.ar</string>
			<key>includeInIndex</key>
			<string>0</string>
			<key>isa</key>
			<string>PBXFileReference</string>
			<key>path</key>
			<string>libPods-cocoafob.a</string>
			<key>sourceTree</key>
			<string>BUILT_PRODUCTS_DIR</string>
		</dict>
		<key>878195B96D0F75C5BB0DA69E</key>
		<dict>
			<key>buildActionMask</key>
			<string>2147483647</string>
			<key>files</key>
			<array/>
			<key>inputPaths</key>
			<array/>
			<key>isa</key>
			<string>PBXShellScriptBuildPhase</string>
			<key>name</key>
			<string>[CP] Check Pods Manifest.lock</string>
			<key>outputPaths</key>
			<array/>
			<key>runOnlyForDeploymentPostprocessing</key>
			<string>0</string>
			<key>shellPath</key>
			<string>/bin/sh</string>
			<key>shellScript</key>
			<string>diff "${PODS_ROOT}/../Podfile.lock" "${PODS_ROOT}/Manifest.lock" &gt; /dev/null
if [[ $? != 0 ]] ; then
    cat &lt;&lt; EOM
error: The sandbox is not in sync with the Podfile.lock. Run 'pod install' or update your CocoaPods installation.
EOM
    exit 1
fi
</string>
			<key>showEnvVarsInLog</key>
			<string>0</string>
		</dict>
		<key>8DF6CD1AC4886A99D58B3093</key>
		<dict>
			<key>includeInIndex</key>
			<string>1</string>
			<key>isa</key>
			<string>PBXFileReference</string>
			<key>lastKnownFileType</key>
			<string>text.xcconfig</string>
			<key>name</key>
			<string>Pods-cocoafob.debug.xcconfig</string>
			<key>path</key>
			<string>Pods/Target Support Files/Pods-cocoafob/Pods-cocoafob.debug.xcconfig</string>
			<key>sourceTree</key>
			<string>&lt;group&gt;</string>
		</dict>
		<key>9DD6AA011D3912CBC0E5F3EF</key>
		<dict>
			<key>buildActionMask</key>
			<string>2147483647</string>
			<key>files</key>
			<array/>
			<key>inputPaths</key>
			<array/>
			<key>isa</key>
			<string>PBXShellScriptBuildPhase</string>
			<key>name</key>
			<string>[CP] Copy Pods Resources</string>
			<key>outputPaths</key>
			<array/>
			<key>runOnlyForDeploymentPostprocessing</key>
			<string>0</string>
			<key>shellPath</key>
			<string>/bin/sh</string>
			<key>shellScript</key>
			<string>"${SRCROOT}/Pods/Target Support Files/Pods-cocoafob_ctest/Pods-cocoafob_ctest-resources.sh"
</string>
			<key>showEnvVarsInLog</key>
			<string>0</string>
		</dict>
		<key>B176D9166CA638BB4036B676</key>
		<dict>
			<key>explicitFileType</key>
			<string>archive.ar</string>
			<key>includeInIndex</key>
			<string>0</string>
			<key>isa</key>
			<string>PBXFileReference</string>
			<key>path</key>
			<string>libPods-cocoafob_ctest.a</string>
			<key>sourceTree</key>
			<string>BUILT_PRODUCTS_DIR</string>
		</dict>
		<key>B318ECE3654E10928E304BE3</key>
		<dict>
			<key>fileRef</key>
			<string>312D82E6C8E4B7CF5A338E34</string>
			<key>isa</key>
			<string>PBXBuildFile</string>
		</dict>
		<key>CC4103571190322D4C6568B5</key>
		<dict>
			<key>buildActionMask</key>
			<string>2147483647</string>
			<key>files</key>
			<array/>
			<key>inputPaths</key>
			<array/>
			<key>isa</key>
			<string>PBXShellScriptBuildPhase</string>
			<key>name</key>
			<string>[CP] Check Pods Manifest.lock</string>
			<key>outputPaths</key>
			<array/>
			<key>runOnlyForDeploymentPostprocessing</key>
			<string>0</string>
			<key>shellPath</key>
			<string>/bin/sh</string>
			<key>shellScript</key>
			<string>diff "${PODS_ROOT}/../Podfile.lock" "${PODS_ROOT}/Manifest.lock" &gt; /dev/null
if [[ $? != 0 ]] ; then
    cat &lt;&lt; EOM
error: The sandbox is not in sync with the Podfile.lock. Run 'pod install' or update your CocoaPods installation.
EOM
    exit 1
fi
</string>
			<key>showEnvVarsInLog</key>
			<string>0</string>
		</dict>
		<key>CD878788F4975A101F202AF7</key>
		<dict>
			<key>buildActionMask</key>
			<string>2147483647</string>
			<key>files</key>
			<array/>
			<key>inputPaths</key>
			<array/>
			<key>isa</key>
			<string>PBXShellScriptBuildPhase</string>
			<key>name</key>
			<string>[CP] Copy Pods Resources</string>
			<key>outputPaths</key>
			<array/>
			<key>runOnlyForDeploymentPostprocessing</key>
			<string>0</string>
			<key>shellPath</key>
			<string>/bin/sh</string>
			<key>shellScript</key>
			<string>"${SRCROOT}/Pods/Target Support Files/Pods-cocoafob/Pods-cocoafob-resources.sh"
</string>
			<key>showEnvVarsInLog</key>
			<string>0</string>
		</dict>
		<key>E2283F2AA551C158B6C0F5F9</key>
		<dict>
			<key>fileRef</key>
			<string>5CBEFE7613A815436E64ECFA</string>
			<key>isa</key>
			<string>PBXBuildFile</string>
		</dict>
		<key>E86EF07F2BC7C86A7158614C</key>
		<dict>
			<key>children</key>
			<array>
				<string>8DF6CD1AC4886A99D58B3093</string>
				<string>FCB042591CEF64D8E3ABCFE4</string>
			</array>
			<key>isa</key>
			<string>PBXGroup</string>
			<key>name</key>
			<string>Pods</string>
			<key>sourceTree</key>
			<string>&lt;group&gt;</string>
		</dict>
		<key>FCB042591CEF64D8E3ABCFE4</key>
		<dict>
			<key>includeInIndex</key>
			<string>1</string>
			<key>isa</key>
			<string>PBXFileReference</string>
			<key>lastKnownFileType</key>
			<string>text.xcconfig</string>
			<key>name</key>
			<string>Pods-cocoafob.release.xcconfig</string>
			<key>path</key>
			<string>Pods/Target Support Files/Pods-cocoafob/Pods-cocoafob.release.xcconfig</string>
			<key>sourceTree</key>
			<string>&lt;group&gt;</string>
		</dict>
	</dict>
	<key>rootObject</key>
	<string>2D15DA671CEB6273001F85AE</string>
</dict>
</plist>
